
Microsoft Visual Studio Solution File, Format Version 12.00
# Visual Studio 15
VisualStudioVersion = 15.0.28307.572
MinimumVisualStudioVersion = 10.0.40219.1
Project("{FAE04EC0-301F-11D3-BF4B-00C04F79EFBC}") = "CrossPagePostBackExample", "CrossPagePostBackExample\CrossPagePostBackExample.csproj", "{E82A785F-739C-49BC-A853-C08AED65A160}"
EndProject
Global
	GlobalSection(SolutionConfigurationPlatforms) = preSolution
		Debug|Any CPU = Debug|Any CPU
		Release|Any CPU = Release|Any CPU
	EndGlobalSection
	GlobalSection(ProjectConfigurationPlatforms) = postSolution
		{E82A785F-739C-49BC-A853-C08AED65A160}.Debug|Any CPU.ActiveCfg = Debug|Any CPU
		{E82A785F-739C-49BC-A853-C08AED65A160}.Debug|Any CPU.Build.0 = Debug|Any CPU
		{E82A785F-739C-49BC-A853-C08AED65A160}.Release|Any CPU.ActiveCfg = Release|Any CPU
		{E82A785F-739C-49BC-A853-C08AED65A160}.Release|Any CPU.Build.0 = Release|Any CPU
	EndGlobalSection
	GlobalSection(SolutionProperties) = preSolution
		HideSolutionNode = FALSE
	EndGlobalSection
	GlobalSection(ExtensibilityGlobals) = postSolution
		SolutionGuid = {75E11B42-8214-4EF8-90F2-B3199B484F39}
	EndGlobalSection
EndGlobal
